
Microsoft Visual Studio Solution File, Format Version 12.00
# Visual Studio Version 17
VisualStudioVersion = 17.8.34511.84
MinimumVisualStudioVersion = 10.0.40219.1
Project("{9A19103F-16F7-4668-BE54-9A1E7A4F7556}") = "CookBook", "CookBook.csproj", "{24539519-B15F-4C9E-95F9-261D77A5B92E}"
EndProject
Project("{9A19103F-16F7-4668-BE54-9A1E7A4F7556}") = "UdemyPractice", "..\UdemyPractice\UdemyPractice.csproj", "{CE7FBA20-1533-4C26-A21F-40978B984DCB}"
EndProject
Project("{9A19103F-16F7-4668-BE54-9A1E7A4F7556}") = "RollDice", "..\RollDice\RollDice.csproj", "{A9AFB096-54D3-4E34-B29F-13B2CE05D6CC}"
EndProject
Project("{FAE04EC0-301F-11D3-BF4B-00C04F79EFBC}") = "TodoListAssignment", "..\TodoListAssignment\TodoListAssignment.csproj", "{DE39B958-C863-4F7E-AAA6-F1B8E257BFE4}"
EndProject
Global
	GlobalSection(SolutionConfigurationPlatforms) = preSolution
		Debug|Any CPU = Debug|Any CPU
		Release|Any CPU = Release|Any CPU
	EndGlobalSection
	GlobalSection(ProjectConfigurationPlatforms) = postSolution
		{24539519-B15F-4C9E-95F9-261D77A5B92E}.Debug|Any CPU.ActiveCfg = Debug|Any CPU
		{24539519-B15F-4C9E-95F9-261D77A5B92E}.Debug|Any CPU.Build.0 = Debug|Any CPU
		{24539519-B15F-4C9E-95F9-261D77A5B92E}.Release|Any CPU.ActiveCfg = Release|Any CPU
		{24539519-B15F-4C9E-95F9-261D77A5B92E}.Release|Any CPU.Build.0 = Release|Any CPU
		{CE7FBA20-1533-4C26-A21F-40978B984DCB}.Debug|Any CPU.ActiveCfg = Debug|Any CPU
		{CE7FBA20-1533-4C26-A21F-40978B984DCB}.Debug|Any CPU.Build.0 = Debug|Any CPU
		{CE7FBA20-1533-4C26-A21F-40978B984DCB}.Release|Any CPU.ActiveCfg = Release|Any CPU
		{CE7FBA20-1533-4C26-A21F-40978B984DCB}.Release|Any CPU.Build.0 = Release|Any CPU
		{A9AFB096-54D3-4E34-B29F-13B2CE05D6CC}.Debug|Any CPU.ActiveCfg = Debug|Any CPU
		{A9AFB096-54D3-4E34-B29F-13B2CE05D6CC}.Debug|Any CPU.Build.0 = Debug|Any CPU
		{A9AFB096-54D3-4E34-B29F-13B2CE05D6CC}.Release|Any CPU.ActiveCfg = Release|Any CPU
		{A9AFB096-54D3-4E34-B29F-13B2CE05D6CC}.Release|Any CPU.Build.0 = Release|Any CPU
		{DE39B958-C863-4F7E-AAA6-F1B8E257BFE4}.Debug|Any CPU.ActiveCfg = Debug|Any CPU
		{DE39B958-C863-4F7E-AAA6-F1B8E257BFE4}.Debug|Any CPU.Build.0 = Debug|Any CPU
		{DE39B958-C863-4F7E-AAA6-F1B8E257BFE4}.Release|Any CPU.ActiveCfg = Release|Any CPU
		{DE39B958-C863-4F7E-AAA6-F1B8E257BFE4}.Release|Any CPU.Build.0 = Release|Any CPU
	EndGlobalSection
	GlobalSection(SolutionProperties) = preSolution
		HideSolutionNode = FALSE
	EndGlobalSection
	GlobalSection(ExtensibilityGlobals) = postSolution
		SolutionGuid = {A395754F-DBF6-4D44-BC3E-F0B3EB992609}
	EndGlobalSection
EndGlobal
